// !$*UTF8*$!
{
	archiveVersion = 1;
	classes = {
	};
	objectVersion = 77;
	objects = {

/* Begin PBXBuildFile section */
		AA00000000000000000G0003 /* GoogleSignIn in Frameworks */ = {isa = PBXBuildFile; productRef = AA00000000000000000G0002 /* GoogleSignIn */; };
		B542B4C02FC2F12D00E6C9FF /* FirebaseCore in Frameworks */ = {isa = PBXBuildFile; productRef = AA00000000000000000F0001 /* FirebaseCore */; };
		B542B4C12FC2F12D00E6C9FF /* FirebaseAuth in Frameworks */ = {isa = PBXBuildFile; productRef = AA00000000000000000F0002 /* FirebaseAuth */; };
		B542B4C22FC2F12D00E6C9FF /* FirebaseFirestore in Frameworks */ = {isa = PBXBuildFile; productRef = AA00000000000000000F0003 /* FirebaseFirestore */; };
		B542B4C32FC2F12D00E6C9FF /* FirebaseStorage in Frameworks */ = {isa = PBXBuildFile; productRef = AA00000000000000000F0004 /* FirebaseStorage */; };
		B542B4C42FC2F12D00E6C9FF /* FirebaseMessaging in Frameworks */ = {isa = PBXBuildFile; productRef = AA00000000000000000F0005 /* FirebaseMessaging */; };
/* End PBXBuildFile section */

/* Begin PBXContainerItemProxy section */
		B5ED8DA22FC2E28E00942410 /* PBXContainerItemProxy */ = {
			isa = PBXContainerItemProxy;
			containerPortal = B5ED8D892FC2E28B00942410 /* Project object */;
			proxyType = 1;
			remoteGlobalIDString = B5ED8D902FC2E28B00942410;
			remoteInfo = SchoolPool;
		};
/* End PBXContainerItemProxy section */

/* Begin PBXFileReference section */
		B5ED8D912FC2E28B00942410 /* SchoolPool.app */ = {isa = PBXFileReference; explicitFileType = wrapper.application; includeInIndex = 0; path = SchoolPool.app; sourceTree = BUILT_PRODUCTS_DIR; };
		B5ED8DA12FC2E28E00942410 /* SchoolPoolTests.xctest */ = {isa = PBXFileReference; explicitFileType = wrapper.cfbundle; includeInIndex = 0; path = SchoolPoolTests.xctest; sourceTree = BUILT_PRODUCTS_DIR; };
/* End PBXFileReference section */

/* Begin PBXFileSystemSynchronizedRootGroup section */
		B5ED8D932FC2E28B00942410 /* SchoolPool */ = {
			isa = PBXFileSystemSynchronizedRootGroup;
			path = SchoolPool;
			sourceTree = "<group>";
		};
		B5ED8DA42FC2E28E00942410 /* SchoolPoolTests */ = {
			isa = PBXFileSystemSynchronizedRootGroup;
			path = SchoolPoolTests;
			sourceTree = "<group>";
		};
/* End PBXFileSystemSynchronizedRootGroup section */

/* Begin PBXFrameworksBuildPhase section */
		B5ED8D8E2FC2E28B00942410 /* Frameworks */ = {
			isa = PBXFrameworksBuildPhase;
			buildActionMask = 2147483647;
			files = (
				B542B4C42FC2F12D00E6C9FF /* FirebaseMessaging in Frameworks */,
				B542B4C32FC2F12D00E6C9FF /* FirebaseStorage in Frameworks */,
				B542B4C22FC2F12D00E6C9FF /* FirebaseFirestore in Frameworks */,
				B542B4C12FC2F12D00E6C9FF /* FirebaseAuth in Frameworks */,
				B542B4C02FC2F12D00E6C9FF /* FirebaseCore in Frameworks */,
				AA00000000000000000G0003 /* GoogleSignIn in Frameworks */,
			);
			runOnlyForDeploymentPostprocessing = 0;
		};
		B5ED8D9E2FC2E28E00942410 /* Frameworks */ = {
			isa = PBXFrameworksBuildPhase;
			buildActionMask = 2147483647;
			files = (
			);
			runOnlyForDeploymentPostprocessing = 0;
		};
/* End PBXFrameworksBuildPhase section */

/* Begin PBXGroup section */
		B5ED8D882FC2E28B00942410 = {
			isa = PBXGroup;
			children = (
				B5ED8D932FC2E28B00942410 /* SchoolPool */,
				B5ED8DA42FC2E28E00942410 /* SchoolPoolTests */,
				B5ED8D922FC2E28B00942410 /* Products */,
			);
			sourceTree = "<group>";
		};
		B5ED8D922FC2E28B00942410 /* Products */ = {
			isa = PBXGroup;
			children = (
				B5ED8D912FC2E28B00942410 /* SchoolPool.app */,
				B5ED8DA12FC2E28E00942410 /* SchoolPoolTests.xctest */,
			);
			name = Products;
			sourceTree = "<group>";
		};
/* End PBXGroup section */

/* Begin PBXNativeTarget section */
		B5ED8D902FC2E28B00942410 /* SchoolPool */ = {
			isa = PBXNativeTarget;
			buildConfigurationList = B5ED8DB52FC2E28E00942410 /* Build configuration list for PBXNativeTarget "SchoolPool" */;
			buildPhases = (
				B5ED8D8D2FC2E28B00942410 /* Sources */,
				B5ED8D8E2FC2E28B00942410 /* Frameworks */,
				B5ED8D8F2FC2E28B00942410 /* Resources */,
			);
			buildRules = (
			);
			dependencies = (
			);
			fileSystemSynchronizedGroups = (
				B5ED8D932FC2E28B00942410 /* SchoolPool */,
			);
			name = SchoolPool;
			packageProductDependencies = (
				AA00000000000000000F0001 /* FirebaseCore */,
				AA00000000000000000F0002 /* FirebaseAuth */,
				AA00000000000000000F0003 /* FirebaseFirestore */,
				AA00000000000000000F0004 /* FirebaseStorage */,
				AA00000000000000000F0005 /* FirebaseMessaging */,
				AA00000000000000000G0002 /* GoogleSignIn */,
			);
			productName = SchoolPool;
			productReference = B5ED8D912FC2E28B00942410 /* SchoolPool.app */;
			productType = "com.apple.product-type.application";
		};
		B5ED8DA02FC2E28E00942410 /* SchoolPoolTests */ = {
			isa = PBXNativeTarget;
			buildConfigurationList = B5ED8DB82FC2E28E00942410 /* Build configuration list for PBXNativeTarget "SchoolPoolTests" */;
			buildPhases = (
				B5ED8D9D2FC2E28E00942410 /* Sources */,
				B5ED8D9E2FC2E28E00942410 /* Frameworks */,
				B5ED8D9F2FC2E28E00942410 /* Resources */,
			);
			buildRules = (
			);
			dependencies = (
				B5ED8DA32FC2E28E00942410 /* PBXTargetDependency */,
			);
			fileSystemSynchronizedGroups = (
				B5ED8DA42FC2E28E00942410 /* SchoolPoolTests */,
			);
			name = SchoolPoolTests;
			packageProductDependencies = (
			);
			productName = SchoolPoolTests;
			productReference = B5ED8DA12FC2E28E00942410 /* SchoolPoolTests.xctest */;
			productType = "com.apple.product-type.bundle.unit-test";
		};
/* End PBXNativeTarget section */

/* Begin PBXProject section */
		B5ED8D892FC2E28B00942410 /* Project object */ = {
			isa = PBXProject;
			attributes = {
				BuildIndependentTargetsInParallel = 1;
				LastSwiftUpdateCheck = 1620;
				LastUpgradeCheck = 1620;
				TargetAttributes = {
					B5ED8D902FC2E28B00942410 = {
						CreatedOnToolsVersion = 16.2;
					};
					B5ED8DA02FC2E28E00942410 = {
						CreatedOnToolsVersion = 16.2;
						TestTargetID = B5ED8D902FC2E28B00942410;
					};
				};
			};
			buildConfigurationList = B5ED8D8C2FC2E28B00942410 /* Build configuration list for PBXProject "SchoolPool" */;
			developmentRegion = en;
			hasScannedForEncodings = 0;
			knownRegions = (
				en,
				Base,
			);
			mainGroup = B5ED8D882FC2E28B00942410;
			minimizedProjectReferenceProxies = 1;
			packageReferences = (
				B5ED8DC22FC2E71800942410 /* XCRemoteSwiftPackageReference "firebase-ios-sdk" */,
				AA00000000000000000G0001 /* XCRemoteSwiftPackageReference "GoogleSignIn-iOS" */,
			);
			preferredProjectObjectVersion = 77;
			productRefGroup = B5ED8D922FC2E28B00942410 /* Products */;
			projectDirPath = "";
			projectRoot = "";
			targets = (
				B5ED8D902FC2E28B00942410 /* SchoolPool */,
				B5ED8DA02FC2E28E00942410 /* SchoolPoolTests */,
			);
		};
/* End PBXProject section */

/* Begin PBXResourcesBuildPhase section */
		B5ED8D8F2FC2E28B00942410 /* Resources */ = {
			isa = PBXResourcesBuildPhase;
			buildActionMask = 2147483647;
			files = (
			);
			runOnlyForDeploymentPostprocessing = 0;
		};
		B5ED8D9F2FC2E28E00942410 /* Resources */ = {
			isa = PBXResourcesBuildPhase;
			buildActionMask = 2147483647;
			files = (
			);
			runOnlyForDeploymentPostprocessing = 0;
		};
/* End PBXResourcesBuildPhase section */

/* Begin PBXSourcesBuildPhase section */
		B5ED8D8D2FC2E28B00942410 /* Sources */ = {
			isa = PBXSourcesBuildPhase;
			buildActionMask = 2147483647;
			files = (
			);
			runOnlyForDeploymentPostprocessing = 0;
		};
		B5ED8D9D2FC2E28E00942410 /* Sources */ = {
			isa = PBXSourcesBuildPhase;
			buildActionMask = 2147483647;
			files = (
			);
			runOnlyForDeploymentPostprocessing = 0;
		};
/* End PBXSourcesBuildPhase section */

/* Begin PBXTargetDependency section */
		B5ED8DA32FC2E28E00942410 /* PBXTargetDependency */ = {
			isa = PBXTargetDependency;
			target = B5ED8D902FC2E28B00942410 /* SchoolPool */;
			targetProxy = B5ED8DA22FC2E28E00942410 /* PBXContainerItemProxy */;
		};
/* End PBXTargetDependency section */

/* Begin XCBuildConfiguration section */
		B5ED8DB32FC2E28E00942410 /* Debug */ = {
			isa = XCBuildConfiguration;
			buildSettings = {
				ALWAYS_SEARCH_USER_PATHS = NO;
				ASSETCATALOG_COMPILER_GENERATE_SWIFT_ASSET_SYMBOL_EXTENSIONS = YES;
				CLANG_ANALYZER_NONNULL = YES;
				CLANG_ANALYZER_NUMBER_OBJECT_CONVERSION = YES_AGGRESSIVE;
				CLANG_CXX_LANGUAGE_STANDARD = "gnu++20";
				CLANG_ENABLE_MODULES = YES;
				CLANG_ENABLE_OBJC_ARC = YES;
				CLANG_ENABLE_OBJC_WEAK = YES;
				CLANG_WARN_BLOCK_CAPTURE_AUTORELEASING = YES;
				CLANG_WARN_BOOL_CONVERSION = YES;
				CLANG_WARN_COMMA = YES;
				CLANG_WARN_CONSTANT_CONVERSION = YES;
				CLANG_WARN_DEPRECATED_OBJC_IMPLEMENTATIONS = YES;
				CLANG_WARN_DIRECT_OBJC_ISA_USAGE = YES_ERROR;
				CLANG_WARN_DOCUMENTATION_COMMENTS = YES;
				CLANG_WARN_EMPTY_BODY = YES;
				CLANG_WARN_ENUM_CONVERSION = YES;
				CLANG_WARN_INFINITE_RECURSION = YES;
				CLANG_WARN_INT_CONVERSION = YES;
				CLANG_WARN_NON_LITERAL_NULL_CONVERSION = YES;
				CLANG_WARN_OBJC_IMPLICIT_RETAIN_SELF = YES;
				CLANG_WARN_OBJC_LITERAL_CONVERSION = YES;
				CLANG_WARN_OBJC_ROOT_CLASS = YES_ERROR;
				CLANG_WARN_QUOTED_INCLUDE_IN_FRAMEWORK_HEADER = YES;
				CLANG_WARN_RANGE_LOOP_ANALYSIS = YES;
				CLANG_WARN_STRICT_PROTOTYPES = YES;
				CLANG_WARN_SUSPICIOUS_MOVE = YES;
				CLANG_WARN_UNGUARDED_AVAILABILITY = YES_AGGRESSIVE;
				CLANG_WARN_UNREACHABLE_CODE = YES;
				CLANG_WARN__DUPLICATE_METHOD_MATCH = YES;
				COPY_PHASE_STRIP = NO;
				DEBUG_INFORMATION_FORMAT = dwarf;
				ENABLE_STRICT_OBJC_MSGSEND = YES;
				ENABLE_TESTABILITY = YES;
				ENABLE_USER_SCRIPT_SANDBOXING = YES;
				GCC_C_LANGUAGE_STANDARD = gnu17;
				GCC_DYNAMIC_NO_PIC = NO;
				GCC_NO_COMMON_BLOCKS = YES;
				GCC_OPTIMIZATION_LEVEL = 0;
				GCC_PREPROCESSOR_DEFINITIONS = (
					"DEBUG=1",
					"$(inherited)",
				);
				GCC_WARN_64_TO_32_BIT_CONVERSION = YES;
				GCC_WARN_ABOUT_RETURN_TYPE = YES_ERROR;
				GCC_WARN_UNDECLARED_SELECTOR = YES;
				GCC_WARN_UNINITIALIZED_AUTOS = YES_AGGRESSIVE;
				GCC_WARN_UNUSED_FUNCTION = YES;
				GCC_WARN_UNUSED_VARIABLE = YES;
				IPHONEOS_DEPLOYMENT_TARGET = 18.2;
				LOCALIZATION_PREFERS_STRING_CATALOGS = YES;
				MTL_ENABLE_DEBUG_INFO = INCLUDE_SOURCE;
				MTL_FAST_MATH = YES;
				ONLY_ACTIVE_ARCH = YES;
				SDKROOT = iphoneos;
				SWIFT_ACTIVE_COMPILATION_CONDITIONS = "DEBUG $(inherited)";
				SWIFT_OPTIMIZATION_LEVEL = "-Onone";
			};
			name = Debug;
		};
		B5ED8DB42FC2E28E00942410 /* Release */ = {
			isa = XCBuildConfiguration;
			buildSettings = {
				ALWAYS_SEARCH_USER_PATHS = NO;
				ASSETCATALOG_COMPILER_GENERATE_SWIFT_ASSET_SYMBOL_EXTENSIONS = YES;
				CLANG_ANALYZER_NONNULL = YES;
				CLANG_ANALYZER_NUMBER_OBJECT_CONVERSION = YES_AGGRESSIVE;
				CLANG_CXX_LANGUAGE_STANDARD = "gnu++20";
				CLANG_ENABLE_MODULES = YES;
				CLANG_ENABLE_OBJC_ARC = YES;
				CLANG_ENABLE_OBJC_WEAK = YES;
				CLANG_WARN_BLOCK_CAPTURE_AUTORELEASING = YES;
				CLANG_WARN_BOOL_CONVERSION = YES;
				CLANG_WARN_COMMA = YES;
				CLANG_WARN_CONSTANT_CONVERSION = YES;
				CLANG_WARN_DEPRECATED_OBJC_IMPLEMENTATIONS = YES;
				CLANG_WARN_DIRECT_OBJC_ISA_USAGE = YES_ERROR;
				CLANG_WARN_DOCUMENTATION_COMMENTS = YES;
				CLANG_WARN_EMPTY_BODY = YES;
				CLANG_WARN_ENUM_CONVERSION = YES;
				CLANG_WARN_INFINITE_RECURSION = YES;
				CLANG_WARN_INT_CONVERSION = YES;
				CLANG_WARN_NON_LITERAL_NULL_CONVERSION = YES;
				CLANG_WARN_OBJC_IMPLICIT_RETAIN_SELF = YES;
				CLANG_WARN_OBJC_LITERAL_CONVERSION = YES;
				CLANG_WARN_OBJC_ROOT_CLASS = YES_ERROR;
				CLANG_WARN_QUOTED_INCLUDE_IN_FRAMEWORK_HEADER = YES;
				CLANG_WARN_RANGE_LOOP_ANALYSIS = YES;
				CLANG_WARN_STRICT_PROTOTYPES = YES;
				CLANG_WARN_SUSPICIOUS_MOVE = YES;
				CLANG_WARN_UNGUARDED_AVAILABILITY = YES_AGGRESSIVE;
				CLANG_WARN_UNREACHABLE_CODE = YES;
				CLANG_WARN__DUPLICATE_METHOD_MATCH = YES;
				COPY_PHASE_STRIP = NO;
				DEBUG_INFORMATION_FORMAT = "dwarf-with-dsym";
				ENABLE_NS_ASSERTIONS = NO;
				ENABLE_STRICT_OBJC_MSGSEND = YES;
				ENABLE_USER_SCRIPT_SANDBOXING = YES;
				GCC_C_LANGUAGE_STANDARD = gnu17;
				GCC_NO_COMMON_BLOCKS = YES;
				GCC_WARN_64_TO_32_BIT_CONVERSION = YES;
				GCC_WARN_ABOUT_RETURN_TYPE = YES_ERROR;
				GCC_WARN_UNDECLARED_SELECTOR = YES;
				GCC_WARN_UNINITIALIZED_AUTOS = YES_AGGRESSIVE;
				GCC_WARN_UNUSED_FUNCTION = YES;
				GCC_WARN_UNUSED_VARIABLE = YES;
				IPHONEOS_DEPLOYMENT_TARGET = 18.2;
				LOCALIZATION_PREFERS_STRING_CATALOGS = YES;
				MTL_ENABLE_DEBUG_INFO = NO;
				MTL_FAST_MATH = YES;
				SDKROOT = iphoneos;
				SWIFT_COMPILATION_MODE = wholemodule;
				VALIDATE_PRODUCT = YES;
			};
			name = Release;
		};
		B5ED8DB62FC2E28E00942410 /* Debug */ = {
			isa = XCBuildConfiguration;
			buildSettings = {
				ASSETCATALOG_COMPILER_APPICON_NAME = AppIcon;
				ASSETCATALOG_COMPILER_GLOBAL_ACCENT_COLOR_NAME = AccentColor;
				CODE_SIGN_STYLE = Automatic;
				CURRENT_PROJECT_VERSION = 1;
				DEVELOPMENT_ASSET_PATHS = "\"SchoolPool/Preview Content\"";
				DEVELOPMENT_TEAM = LPU8C59HD4;
				ENABLE_PREVIEWS = YES;
				GENERATE_INFOPLIST_FILE = YES;
				INFOPLIST_ADDITIONAL_FILE = SchoolPool/GoogleURLScheme.plist;
				INFOPLIST_KEY_UIApplicationSceneManifest_Generation = YES;
				INFOPLIST_KEY_UIApplicationSupportsIndirectInputEvents = YES;
				INFOPLIST_KEY_UILaunchScreen_Generation = YES;
				INFOPLIST_KEY_CFBundleDisplayName = SchoolPool;
				INFOPLIST_KEY_NSCameraUsageDescription = "SchoolPool uses the camera so you can photograph your student ID or verification documents.";
				INFOPLIST_KEY_NSPhotoLibraryUsageDescription = "SchoolPool needs access to your photos so you can upload verification documents.";
				INFOPLIST_KEY_NSLocationWhenInUseUsageDescription = "SchoolPool uses your location to set ride pickup and drop-off points and to show nearby rides.";
				INFOPLIST_KEY_UISupportedInterfaceOrientations_iPad = "UIInterfaceOrientationPortrait UIInterfaceOrientationPortraitUpsideDown UIInterfaceOrientationLandscapeLeft UIInterfaceOrientationLandscapeRight";
				INFOPLIST_KEY_UISupportedInterfaceOrientations_iPhone = "UIInterfaceOrientationPortrait UIInterfaceOrientationLandscapeLeft UIInterfaceOrientationLandscapeRight";
				LD_RUNPATH_SEARCH_PATHS = (
					"$(inherited)",
					"@executable_path/Frameworks",
				);
				MARKETING_VERSION = 1.0;
				PRODUCT_BUNDLE_IDENTIFIER = com.ronavgupta.SchoolPool;
				PRODUCT_NAME = "$(TARGET_NAME)";
				SWIFT_EMIT_LOC_STRINGS = YES;
				SWIFT_VERSION = 5.0;
				TARGETED_DEVICE_FAMILY = "1,2";
			};
			name = Debug;
		};
		B5ED8DB72FC2E28E00942410 /* Release */ = {
			isa = XCBuildConfiguration;
			buildSettings = {
				ASSETCATALOG_COMPILER_APPICON_NAME = AppIcon;
				ASSETCATALOG_COMPILER_GLOBAL_ACCENT_COLOR_NAME = AccentColor;
				CODE_SIGN_STYLE = Automatic;
				CURRENT_PROJECT_VERSION = 1;
				DEVELOPMENT_ASSET_PATHS = "\"SchoolPool/Preview Content\"";
				DEVELOPMENT_TEAM = LPU8C59HD4;
				ENABLE_PREVIEWS = YES;
				GENERATE_INFOPLIST_FILE = YES;
				INFOPLIST_ADDITIONAL_FILE = SchoolPool/GoogleURLScheme.plist;
				INFOPLIST_KEY_UIApplicationSceneManifest_Generation = YES;
				INFOPLIST_KEY_UIApplicationSupportsIndirectInputEvents = YES;
				INFOPLIST_KEY_UILaunchScreen_Generation = YES;
				INFOPLIST_KEY_CFBundleDisplayName = SchoolPool;
				INFOPLIST_KEY_NSCameraUsageDescription = "SchoolPool uses the camera so you can photograph your student ID or verification documents.";
				INFOPLIST_KEY_NSPhotoLibraryUsageDescription = "SchoolPool needs access to your photos so you can upload verification documents.";
				INFOPLIST_KEY_NSLocationWhenInUseUsageDescription = "SchoolPool uses your location to set ride pickup and drop-off points and to show nearby rides.";
				INFOPLIST_KEY_UISupportedInterfaceOrientations_iPad = "UIInterfaceOrientationPortrait UIInterfaceOrientationPortraitUpsideDown UIInterfaceOrientationLandscapeLeft UIInterfaceOrientationLandscapeRight";
				INFOPLIST_KEY_UISupportedInterfaceOrientations_iPhone = "UIInterfaceOrientationPortrait UIInterfaceOrientationLandscapeLeft UIInterfaceOrientationLandscapeRight";
				LD_RUNPATH_SEARCH_PATHS = (
					"$(inherited)",
					"@executable_path/Frameworks",
				);
				MARKETING_VERSION = 1.0;
				PRODUCT_BUNDLE_IDENTIFIER = com.ronavgupta.SchoolPool;
				PRODUCT_NAME = "$(TARGET_NAME)";
				SWIFT_EMIT_LOC_STRINGS = YES;
				SWIFT_VERSION = 5.0;
				TARGETED_DEVICE_FAMILY = "1,2";
			};
			name = Release;
		};
		B5ED8DB92FC2E28E00942410 /* Debug */ = {
			isa = XCBuildConfiguration;
			buildSettings = {
				BUNDLE_LOADER = "$(TEST_HOST)";
				CODE_SIGN_STYLE = Automatic;
				CURRENT_PROJECT_VERSION = 1;
				DEVELOPMENT_TEAM = LPU8C59HD4;
				GENERATE_INFOPLIST_FILE = YES;
				IPHONEOS_DEPLOYMENT_TARGET = 18.2;
				MARKETING_VERSION = 1.0;
				PRODUCT_BUNDLE_IDENTIFIER = com.ronavgupta.SchoolPoolTests;
				PRODUCT_NAME = "$(TARGET_NAME)";
				SWIFT_EMIT_LOC_STRINGS = NO;
				SWIFT_VERSION = 5.0;
				TARGETED_DEVICE_FAMILY = "1,2";
				TEST_HOST = "$(BUILT_PRODUCTS_DIR)/SchoolPool.app/$(BUNDLE_EXECUTABLE_FOLDER_PATH)/SchoolPool";
			};
			name = Debug;
		};
		B5ED8DBA2FC2E28E00942410 /* Release */ = {
			isa = XCBuildConfiguration;
			buildSettings = {
				BUNDLE_LOADER = "$(TEST_HOST)";
				CODE_SIGN_STYLE = Automatic;
				CURRENT_PROJECT_VERSION = 1;
				DEVELOPMENT_TEAM = LPU8C59HD4;
				GENERATE_INFOPLIST_FILE = YES;
				IPHONEOS_DEPLOYMENT_TARGET = 18.2;
				MARKETING_VERSION = 1.0;
				PRODUCT_BUNDLE_IDENTIFIER = com.ronavgupta.SchoolPoolTests;
				PRODUCT_NAME = "$(TARGET_NAME)";
				SWIFT_EMIT_LOC_STRINGS = NO;
				SWIFT_VERSION = 5.0;
				TARGETED_DEVICE_FAMILY = "1,2";
				TEST_HOST = "$(BUILT_PRODUCTS_DIR)/SchoolPool.app/$(BUNDLE_EXECUTABLE_FOLDER_PATH)/SchoolPool";
			};
			name = Release;
		};
/* End XCBuildConfiguration section */

/* Begin XCConfigurationList section */
		B5ED8D8C2FC2E28B00942410 /* Build configuration list for PBXProject "SchoolPool" */ = {
			isa = XCConfigurationList;
			buildConfigurations = (
				B5ED8DB32FC2E28E00942410 /* Debug */,
				B5ED8DB42FC2E28E00942410 /* Release */,
			);
			defaultConfigurationIsVisible = 0;
			defaultConfigurationName = Release;
		};
		B5ED8DB52FC2E28E00942410 /* Build configuration list for PBXNativeTarget "SchoolPool" */ = {
			isa = XCConfigurationList;
			buildConfigurations = (
				B5ED8DB62FC2E28E00942410 /* Debug */,
				B5ED8DB72FC2E28E00942410 /* Release */,
			);
			defaultConfigurationIsVisible = 0;
			defaultConfigurationName = Release;
		};
		B5ED8DB82FC2E28E00942410 /* Build configuration list for PBXNativeTarget "SchoolPoolTests" */ = {
			isa = XCConfigurationList;
			buildConfigurations = (
				B5ED8DB92FC2E28E00942410 /* Debug */,
				B5ED8DBA2FC2E28E00942410 /* Release */,
			);
			defaultConfigurationIsVisible = 0;
			defaultConfigurationName = Release;
		};
/* End XCConfigurationList section */

/* Begin XCRemoteSwiftPackageReference section */
		B5ED8DC22FC2E71800942410 /* XCRemoteSwiftPackageReference "firebase-ios-sdk" */ = {
			isa = XCRemoteSwiftPackageReference;
			repositoryURL = "https://github.com/firebase/firebase-ios-sdk";
			requirement = {
				kind = upToNextMajorVersion;
				minimumVersion = 11.0.0;
			};
		};
		AA00000000000000000G0001 /* XCRemoteSwiftPackageReference "GoogleSignIn-iOS" */ = {
			isa = XCRemoteSwiftPackageReference;
			repositoryURL = "https://github.com/google/GoogleSignIn-iOS";
			requirement = {
				kind = upToNextMajorVersion;
				minimumVersion = 7.0.0;
			};
		};
/* End XCRemoteSwiftPackageReference section */

/* Begin XCSwiftPackageProductDependency section */
		AA00000000000000000F0001 /* FirebaseCore */ = {
			isa = XCSwiftPackageProductDependency;
			package = B5ED8DC22FC2E71800942410 /* XCRemoteSwiftPackageReference "firebase-ios-sdk" */;
			productName = FirebaseCore;
		};
		AA00000000000000000F0002 /* FirebaseAuth */ = {
			isa = XCSwiftPackageProductDependency;
			package = B5ED8DC22FC2E71800942410 /* XCRemoteSwiftPackageReference "firebase-ios-sdk" */;
			productName = FirebaseAuth;
		};
		AA00000000000000000F0003 /* FirebaseFirestore */ = {
			isa = XCSwiftPackageProductDependency;
			package = B5ED8DC22FC2E71800942410 /* XCRemoteSwiftPackageReference "firebase-ios-sdk" */;
			productName = FirebaseFirestore;
		};
		AA00000000000000000F0004 /* FirebaseStorage */ = {
			isa = XCSwiftPackageProductDependency;
			package = B5ED8DC22FC2E71800942410 /* XCRemoteSwiftPackageReference "firebase-ios-sdk" */;
			productName = FirebaseStorage;
		};
		AA00000000000000000F0005 /* FirebaseMessaging */ = {
			isa = XCSwiftPackageProductDependency;
			package = B5ED8DC22FC2E71800942410 /* XCRemoteSwiftPackageReference "firebase-ios-sdk" */;
			productName = FirebaseMessaging;
		};
		AA00000000000000000G0002 /* GoogleSignIn */ = {
			isa = XCSwiftPackageProductDependency;
			package = AA00000000000000000G0001 /* XCRemoteSwiftPackageReference "GoogleSignIn-iOS" */;
			productName = GoogleSignIn;
		};
/* End XCSwiftPackageProductDependency section */
	};
	rootObject = B5ED8D892FC2E28B00942410 /* Project object */;
}
